
Microsoft Visual Studio Solution File, Format Version 12.00
# Visual Studio Version 17
VisualStudioVersion = 17.13.35919.96 d17.13
MinimumVisualStudioVersion = 10.0.40219.1
Project("{F184B08F-C81C-45F6-A57F-5ABD9991F28F}") = "Scheduler_v8.4a", "Scheduler_v8.4a.vbproj", "{928AF68D-BAB3-4603-BBD7-A7392417B2C9}"
EndProject
Global
	GlobalSection(SolutionConfigurationPlatforms) = preSolution
		Debug|Any CPU = Debug|Any CPU
		Release|Any CPU = Release|Any CPU
	EndGlobalSection
	GlobalSection(ProjectConfigurationPlatforms) = postSolution
		{928AF68D-BAB3-4603-BBD7-A7392417B2C9}.Debug|Any CPU.ActiveCfg = Debug|Any CPU
		{928AF68D-BAB3-4603-BBD7-A7392417B2C9}.Debug|Any CPU.Build.0 = Debug|Any CPU
		{928AF68D-BAB3-4603-BBD7-A7392417B2C9}.Release|Any CPU.ActiveCfg = Release|Any CPU
		{928AF68D-BAB3-4603-BBD7-A7392417B2C9}.Release|Any CPU.Build.0 = Release|Any CPU
	EndGlobalSection
	GlobalSection(SolutionProperties) = preSolution
		HideSolutionNode = FALSE
	EndGlobalSection
	GlobalSection(ExtensibilityGlobals) = postSolution
		SolutionGuid = {A12442E8-FD95-44FB-9C16-3AC447889285}
	EndGlobalSection
EndGlobal
